
Microsoft Visual Studio Solution File, Format Version 12.00
# Visual Studio 14
VisualStudioVersion = 14.0.25420.1
MinimumVisualStudioVersion = 10.0.40219.1
Project("{FAE04EC0-301F-11D3-BF4B-00C04F79EFBC}") = "RestoreDB", "RestoreDB\RestoreDB.csproj", "{544F2160-69E3-4439-AE32-77CE8E2FF113}"
EndProject
Project("{FAE04EC0-301F-11D3-BF4B-00C04F79EFBC}") = "Utility", "Utility\Utility.csproj", "{B530BD05-1D0D-488A-A8AE-E030522DBF3B}"
EndProject
Global
	GlobalSection(SolutionConfigurationPlatforms) = preSolution
		Debug|Any CPU = Debug|Any CPU
		Release|Any CPU = Release|Any CPU
	EndGlobalSection
	GlobalSection(ProjectConfigurationPlatforms) = postSolution
		{544F2160-69E3-4439-AE32-77CE8E2FF113}.Debug|Any CPU.ActiveCfg = Debug|Any CPU
		{544F2160-69E3-4439-AE32-77CE8E2FF113}.Debug|Any CPU.Build.0 = Debug|Any CPU
		{544F2160-69E3-4439-AE32-77CE8E2FF113}.Release|Any CPU.ActiveCfg = Release|Any CPU
		{544F2160-69E3-4439-AE32-77CE8E2FF113}.Release|Any CPU.Build.0 = Release|Any CPU
		{B530BD05-1D0D-488A-A8AE-E030522DBF3B}.Debug|Any CPU.ActiveCfg = Debug|Any CPU
		{B530BD05-1D0D-488A-A8AE-E030522DBF3B}.Debug|Any CPU.Build.0 = Debug|Any CPU
		{B530BD05-1D0D-488A-A8AE-E030522DBF3B}.Release|Any CPU.ActiveCfg = Release|Any CPU
		{B530BD05-1D0D-488A-A8AE-E030522DBF3B}.Release|Any CPU.Build.0 = Release|Any CPU
	EndGlobalSection
	GlobalSection(SolutionProperties) = preSolution
		HideSolutionNode = FALSE
	EndGlobalSection
EndGlobal
